
Microsoft Visual Studio Solution File, Format Version 12.00
# Visual Studio Version 16
VisualStudioVersion = 16.0.31729.503
MinimumVisualStudioVersion = 10.0.40219.1
Project("{FAE04EC0-301F-11D3-BF4B-00C04F79EFBC}") = "3ebolme", "3ebolme\3ebolme.csproj", "{DD9E8BB6-B302-4CE6-97C2-610FC1A3DF2F}"
EndProject
Global
	GlobalSection(SolutionConfigurationPlatforms) = preSolution
		Debug|Any CPU = Debug|Any CPU
		Release|Any CPU = Release|Any CPU
	EndGlobalSection
	GlobalSection(ProjectConfigurationPlatforms) = postSolution
		{DD9E8BB6-B302-4CE6-97C2-610FC1A3DF2F}.Debug|Any CPU.ActiveCfg = Debug|Any CPU
		{DD9E8BB6-B302-4CE6-97C2-610FC1A3DF2F}.Debug|Any CPU.Build.0 = Debug|Any CPU
		{DD9E8BB6-B302-4CE6-97C2-610FC1A3DF2F}.Release|Any CPU.ActiveCfg = Release|Any CPU
		{DD9E8BB6-B302-4CE6-97C2-610FC1A3DF2F}.Release|Any CPU.Build.0 = Release|Any CPU
	EndGlobalSection
	GlobalSection(SolutionProperties) = preSolution
		HideSolutionNode = FALSE
	EndGlobalSection
	GlobalSection(ExtensibilityGlobals) = postSolution
		SolutionGuid = {E6B3DF60-90FC-4E95-A457-C9FE84332D4D}
	EndGlobalSection
EndGlobal
